
Microsoft Visual Studio Solution File, Format Version 12.00
# Visual Studio 15
VisualStudioVersion = 15.0.28010.2036
MinimumVisualStudioVersion = 10.0.40219.1
Project("{FAE04EC0-301F-11D3-BF4B-00C04F79EFBC}") = "ConsoleApp8", "ConsoleApp8\ConsoleApp8.csproj", "{67CE7884-C911-4229-A8F1-4393FFFA14FF}"
EndProject
Global
	GlobalSection(SolutionConfigurationPlatforms) = preSolution
		Debug|Any CPU = Debug|Any CPU
		Release|Any CPU = Release|Any CPU
	EndGlobalSection
	GlobalSection(ProjectConfigurationPlatforms) = postSolution
		{67CE7884-C911-4229-A8F1-4393FFFA14FF}.Debug|Any CPU.ActiveCfg = Debug|Any CPU
		{67CE7884-C911-4229-A8F1-4393FFFA14FF}.Debug|Any CPU.Build.0 = Debug|Any CPU
		{67CE7884-C911-4229-A8F1-4393FFFA14FF}.Release|Any CPU.ActiveCfg = Release|Any CPU
		{67CE7884-C911-4229-A8F1-4393FFFA14FF}.Release|Any CPU.Build.0 = Release|Any CPU
	EndGlobalSection
	GlobalSection(SolutionProperties) = preSolution
		HideSolutionNode = FALSE
	EndGlobalSection
	GlobalSection(ExtensibilityGlobals) = postSolution
		SolutionGuid = {E404D9ED-0AFD-43C5-8317-54D370AAA2DC}
	EndGlobalSection
EndGlobal
