
Microsoft Visual Studio Solution File, Format Version 12.00
# Visual Studio 15
VisualStudioVersion = 15.0.28010.2036
MinimumVisualStudioVersion = 10.0.40219.1
Project("{FAE04EC0-301F-11D3-BF4B-00C04F79EFBC}") = "ConsoleApp5", "ConsoleApp5\ConsoleApp5.csproj", "{672B3E77-CF11-4FD2-B729-E9A746EFD639}"
EndProject
Global
	GlobalSection(SolutionConfigurationPlatforms) = preSolution
		Debug|Any CPU = Debug|Any CPU
		Release|Any CPU = Release|Any CPU
	EndGlobalSection
	GlobalSection(ProjectConfigurationPlatforms) = postSolution
		{672B3E77-CF11-4FD2-B729-E9A746EFD639}.Debug|Any CPU.ActiveCfg = Debug|Any CPU
		{672B3E77-CF11-4FD2-B729-E9A746EFD639}.Debug|Any CPU.Build.0 = Debug|Any CPU
		{672B3E77-CF11-4FD2-B729-E9A746EFD639}.Release|Any CPU.ActiveCfg = Release|Any CPU
		{672B3E77-CF11-4FD2-B729-E9A746EFD639}.Release|Any CPU.Build.0 = Release|Any CPU
	EndGlobalSection
	GlobalSection(SolutionProperties) = preSolution
		HideSolutionNode = FALSE
	EndGlobalSection
	GlobalSection(ExtensibilityGlobals) = postSolution
		SolutionGuid = {229EBECC-1A12-4149-8277-14C3F6F094B3}
	EndGlobalSection
EndGlobal
